
Microsoft Visual Studio Solution File, Format Version 12.00
# Visual Studio Version 17
VisualStudioVersion = 17.2.32616.157
MinimumVisualStudioVersion = 10.0.40219.1
Project("{9A19103F-16F7-4668-BE54-9A1E7A4F7556}") = "DevFreela.API", "DevFreela.API\DevFreela.API.csproj", "{4FE358A7-9133-42E4-889E-415F0B5B8651}"
EndProject
Project("{FAE04EC0-301F-11D3-BF4B-00C04F79EFBC}") = "DevFreela.Core", "DevFreela.Core\DevFreela.Core.csproj", "{62FC43C1-13B9-4E71-9AA1-45CDE89F9ECD}"
EndProject
Project("{FAE04EC0-301F-11D3-BF4B-00C04F79EFBC}") = "DevFreela.Infrastructure", "DevFreela.Infrastructure\DevFreela.Infrastructure.csproj", "{CF453BCE-D4C1-45C2-B652-4E1E750F9ECD}"
EndProject
Project("{FAE04EC0-301F-11D3-BF4B-00C04F79EFBC}") = "DevFreela.Application", "DevFreela.Application\DevFreela.Application.csproj", "{95931434-A8CB-4F3A-A05B-42AAE237710C}"
EndProject
Global
	GlobalSection(SolutionConfigurationPlatforms) = preSolution
		Debug|Any CPU = Debug|Any CPU
		Release|Any CPU = Release|Any CPU
	EndGlobalSection
	GlobalSection(ProjectConfigurationPlatforms) = postSolution
		{4FE358A7-9133-42E4-889E-415F0B5B8651}.Debug|Any CPU.ActiveCfg = Debug|Any CPU
		{4FE358A7-9133-42E4-889E-415F0B5B8651}.Debug|Any CPU.Build.0 = Debug|Any CPU
		{4FE358A7-9133-42E4-889E-415F0B5B8651}.Release|Any CPU.ActiveCfg = Release|Any CPU
		{4FE358A7-9133-42E4-889E-415F0B5B8651}.Release|Any CPU.Build.0 = Release|Any CPU
		{62FC43C1-13B9-4E71-9AA1-45CDE89F9ECD}.Debug|Any CPU.ActiveCfg = Debug|Any CPU
		{62FC43C1-13B9-4E71-9AA1-45CDE89F9ECD}.Debug|Any CPU.Build.0 = Debug|Any CPU
		{62FC43C1-13B9-4E71-9AA1-45CDE89F9ECD}.Release|Any CPU.ActiveCfg = Release|Any CPU
		{62FC43C1-13B9-4E71-9AA1-45CDE89F9ECD}.Release|Any CPU.Build.0 = Release|Any CPU
		{CF453BCE-D4C1-45C2-B652-4E1E750F9ECD}.Debug|Any CPU.ActiveCfg = Debug|Any CPU
		{CF453BCE-D4C1-45C2-B652-4E1E750F9ECD}.Debug|Any CPU.Build.0 = Debug|Any CPU
		{CF453BCE-D4C1-45C2-B652-4E1E750F9ECD}.Release|Any CPU.ActiveCfg = Release|Any CPU
		{CF453BCE-D4C1-45C2-B652-4E1E750F9ECD}.Release|Any CPU.Build.0 = Release|Any CPU
		{95931434-A8CB-4F3A-A05B-42AAE237710C}.Debug|Any CPU.ActiveCfg = Debug|Any CPU
		{95931434-A8CB-4F3A-A05B-42AAE237710C}.Debug|Any CPU.Build.0 = Debug|Any CPU
		{95931434-A8CB-4F3A-A05B-42AAE237710C}.Release|Any CPU.ActiveCfg = Release|Any CPU
		{95931434-A8CB-4F3A-A05B-42AAE237710C}.Release|Any CPU.Build.0 = Release|Any CPU
	EndGlobalSection
	GlobalSection(SolutionProperties) = preSolution
		HideSolutionNode = FALSE
	EndGlobalSection
	GlobalSection(ExtensibilityGlobals) = postSolution
		SolutionGuid = {D57BD14A-2E5F-4F0F-8EB5-B28A9AC73521}
	EndGlobalSection
EndGlobal
